
Microsoft Visual Studio Solution File, Format Version 12.00
# Visual Studio Version 17
VisualStudioVersion = 17.4.33103.184
MinimumVisualStudioVersion = 10.0.40219.1
Project("{FAE04EC0-301F-11D3-BF4B-00C04F79EFBC}") = "Employment", "Employment\Employment.csproj", "{DEEC74B5-32DB-4876-BA52-5DD23295522C}"
EndProject
Global
	GlobalSection(SolutionConfigurationPlatforms) = preSolution
		Debug|Any CPU = Debug|Any CPU
		Release|Any CPU = Release|Any CPU
	EndGlobalSection
	GlobalSection(ProjectConfigurationPlatforms) = postSolution
		{DEEC74B5-32DB-4876-BA52-5DD23295522C}.Debug|Any CPU.ActiveCfg = Debug|Any CPU
		{DEEC74B5-32DB-4876-BA52-5DD23295522C}.Debug|Any CPU.Build.0 = Debug|Any CPU
		{DEEC74B5-32DB-4876-BA52-5DD23295522C}.Release|Any CPU.ActiveCfg = Release|Any CPU
		{DEEC74B5-32DB-4876-BA52-5DD23295522C}.Release|Any CPU.Build.0 = Release|Any CPU
	EndGlobalSection
	GlobalSection(SolutionProperties) = preSolution
		HideSolutionNode = FALSE
	EndGlobalSection
	GlobalSection(ExtensibilityGlobals) = postSolution
		SolutionGuid = {7CCFE281-ED86-4D15-AF8C-E4F8A101C77B}
	EndGlobalSection
EndGlobal
